
Microsoft Visual Studio Solution File, Format Version 12.00
# Visual Studio Version 16
VisualStudioVersion = 16.0.30223.230
MinimumVisualStudioVersion = 10.0.40219.1
Project("{9A19103F-16F7-4668-BE54-9A1E7A4F7556}") = "LinCms.Scaffolding", "src\LinCms.Scaffolding\LinCms.Scaffolding.csproj", "{FC1AC12F-338B-4608-ABF3-F301BF631F21}"
EndProject
Global
	GlobalSection(SolutionConfigurationPlatforms) = preSolution
		Debug|Any CPU = Debug|Any CPU
		Release|Any CPU = Release|Any CPU
	EndGlobalSection
	GlobalSection(ProjectConfigurationPlatforms) = postSolution
		{FC1AC12F-338B-4608-ABF3-F301BF631F21}.Debug|Any CPU.ActiveCfg = Debug|Any CPU
		{FC1AC12F-338B-4608-ABF3-F301BF631F21}.Debug|Any CPU.Build.0 = Debug|Any CPU
		{FC1AC12F-338B-4608-ABF3-F301BF631F21}.Release|Any CPU.ActiveCfg = Release|Any CPU
		{FC1AC12F-338B-4608-ABF3-F301BF631F21}.Release|Any CPU.Build.0 = Release|Any CPU
	EndGlobalSection
	GlobalSection(SolutionProperties) = preSolution
		HideSolutionNode = FALSE
	EndGlobalSection
	GlobalSection(ExtensibilityGlobals) = postSolution
		SolutionGuid = {60090452-8177-4B47-B59D-CE49B7D519F9}
	EndGlobalSection
EndGlobal
